Microsoft Visual Studio Solution File, Format Version 11.00
# Visual Studio 2008

Project("{2028ADD9-8838-D20B-486A-8C6802FC1D60}") = "The Grid", "Assembly-CSharp-firstpass.csproj", "{951E0423-C838-55CB-F67A-3D8C317B79CD}"
EndProject
Project("{2028ADD9-8838-D20B-486A-8C6802FC1D60}") = "The Grid", "Assembly-CSharp.csproj", "{BD9BE2F9-8EB9-A44D-F998-38525F41CD4C}"
EndProject
Project("{2028ADD9-8838-D20B-486A-8C6802FC1D60}") = "The Grid", "Assembly-CSharp-Editor.csproj", "{F90C8FF3-E816-DB2B-5204-518FB7C45549}"
EndProject
Global
	GlobalSection(SolutionConfigurationPlatforms) = preSolution
		Debug|Any CPU = Debug|Any CPU
		Release|Any CPU = Release|Any CPU
	EndGlobalSection
	GlobalSection(ProjectConfigurationPlatforms) = postSolution
		{951E0423-C838-55CB-F67A-3D8C317B79CD}.Debug|Any CPU.ActiveCfg = Debug|Any CPU
		{951E0423-C838-55CB-F67A-3D8C317B79CD}.Debug|Any CPU.Build.0 = Debug|Any CPU
		{951E0423-C838-55CB-F67A-3D8C317B79CD}.Release|Any CPU.ActiveCfg = Release|Any CPU
		{951E0423-C838-55CB-F67A-3D8C317B79CD}.Release|Any CPU.Build.0 = Release|Any CPU
		{BD9BE2F9-8EB9-A44D-F998-38525F41CD4C}.Debug|Any CPU.ActiveCfg = Debug|Any CPU
		{BD9BE2F9-8EB9-A44D-F998-38525F41CD4C}.Debug|Any CPU.Build.0 = Debug|Any CPU
		{BD9BE2F9-8EB9-A44D-F998-38525F41CD4C}.Release|Any CPU.ActiveCfg = Release|Any CPU
		{BD9BE2F9-8EB9-A44D-F998-38525F41CD4C}.Release|Any CPU.Build.0 = Release|Any CPU
		{F90C8FF3-E816-DB2B-5204-518FB7C45549}.Debug|Any CPU.ActiveCfg = Debug|Any CPU
		{F90C8FF3-E816-DB2B-5204-518FB7C45549}.Debug|Any CPU.Build.0 = Debug|Any CPU
		{F90C8FF3-E816-DB2B-5204-518FB7C45549}.Release|Any CPU.ActiveCfg = Release|Any CPU
		{F90C8FF3-E816-DB2B-5204-518FB7C45549}.Release|Any CPU.Build.0 = Release|Any CPU
	EndGlobalSection
	GlobalSection(SolutionProperties) = preSolution
		HideSolutionNode = FALSE
	EndGlobalSection
	GlobalSection(MonoDevelopProperties) = preSolution
		StartupItem = Assembly-CSharp.csproj
	EndGlobalSection
EndGlobal
