Microsoft Visual Studio Solution File, Format Version 11.00
# Visual Studio 2008

Project("{26A86D01-3945-5DE4-A29F-5AE12309FD3B}") = "tron", "Assembly-CSharp-firstpass.csproj", "{57813265-7759-0F19-9778-523D96209922}"
EndProject
Project("{26A86D01-3945-5DE4-A29F-5AE12309FD3B}") = "tron", "Assembly-CSharp.csproj", "{AE0C8047-2031-0813-5C00-9161EE3FB6BF}"
EndProject
Project("{26A86D01-3945-5DE4-A29F-5AE12309FD3B}") = "tron", "Assembly-CSharp-Editor.csproj", "{96FF1981-0B4B-7839-5998-5404BF0679AD}"
EndProject
Global
	GlobalSection(SolutionConfigurationPlatforms) = preSolution
		Debug|Any CPU = Debug|Any CPU
		Release|Any CPU = Release|Any CPU
	EndGlobalSection
	GlobalSection(ProjectConfigurationPlatforms) = postSolution
		{57813265-7759-0F19-9778-523D96209922}.Debug|Any CPU.ActiveCfg = Debug|Any CPU
		{57813265-7759-0F19-9778-523D96209922}.Debug|Any CPU.Build.0 = Debug|Any CPU
		{57813265-7759-0F19-9778-523D96209922}.Release|Any CPU.ActiveCfg = Release|Any CPU
		{57813265-7759-0F19-9778-523D96209922}.Release|Any CPU.Build.0 = Release|Any CPU
		{AE0C8047-2031-0813-5C00-9161EE3FB6BF}.Debug|Any CPU.ActiveCfg = Debug|Any CPU
		{AE0C8047-2031-0813-5C00-9161EE3FB6BF}.Debug|Any CPU.Build.0 = Debug|Any CPU
		{AE0C8047-2031-0813-5C00-9161EE3FB6BF}.Release|Any CPU.ActiveCfg = Release|Any CPU
		{AE0C8047-2031-0813-5C00-9161EE3FB6BF}.Release|Any CPU.Build.0 = Release|Any CPU
		{96FF1981-0B4B-7839-5998-5404BF0679AD}.Debug|Any CPU.ActiveCfg = Debug|Any CPU
		{96FF1981-0B4B-7839-5998-5404BF0679AD}.Debug|Any CPU.Build.0 = Debug|Any CPU
		{96FF1981-0B4B-7839-5998-5404BF0679AD}.Release|Any CPU.ActiveCfg = Release|Any CPU
		{96FF1981-0B4B-7839-5998-5404BF0679AD}.Release|Any CPU.Build.0 = Release|Any CPU
	EndGlobalSection
	GlobalSection(SolutionProperties) = preSolution
		HideSolutionNode = FALSE
	EndGlobalSection
	GlobalSection(MonoDevelopProperties) = preSolution
		StartupItem = Assembly-CSharp.csproj
	EndGlobalSection
EndGlobal
