Microsoft Visual Studio Solution File, Format Version 11.00
# Visual Studio 2008

Project("{C6B8B330-4792-6E58-B939-3538E37B8BF0}") = "trail", "Assembly-CSharp-firstpass.csproj", "{411B8CCE-45C5-D76D-6694-340C904986E8}"
EndProject
Project("{C6B8B330-4792-6E58-B939-3538E37B8BF0}") = "trail", "Assembly-CSharp.csproj", "{1649C359-84D9-51AB-13D4-521C2D29AD29}"
EndProject
Project("{C6B8B330-4792-6E58-B939-3538E37B8BF0}") = "trail", "Assembly-CSharp-Editor.csproj", "{287C94CF-2289-C167-128B-E6D687EDC0F3}"
EndProject
Global
	GlobalSection(SolutionConfigurationPlatforms) = preSolution
		Debug|Any CPU = Debug|Any CPU
		Release|Any CPU = Release|Any CPU
	EndGlobalSection
	GlobalSection(ProjectConfigurationPlatforms) = postSolution
		{411B8CCE-45C5-D76D-6694-340C904986E8}.Debug|Any CPU.ActiveCfg = Debug|Any CPU
		{411B8CCE-45C5-D76D-6694-340C904986E8}.Debug|Any CPU.Build.0 = Debug|Any CPU
		{411B8CCE-45C5-D76D-6694-340C904986E8}.Release|Any CPU.ActiveCfg = Release|Any CPU
		{411B8CCE-45C5-D76D-6694-340C904986E8}.Release|Any CPU.Build.0 = Release|Any CPU
		{1649C359-84D9-51AB-13D4-521C2D29AD29}.Debug|Any CPU.ActiveCfg = Debug|Any CPU
		{1649C359-84D9-51AB-13D4-521C2D29AD29}.Debug|Any CPU.Build.0 = Debug|Any CPU
		{1649C359-84D9-51AB-13D4-521C2D29AD29}.Release|Any CPU.ActiveCfg = Release|Any CPU
		{1649C359-84D9-51AB-13D4-521C2D29AD29}.Release|Any CPU.Build.0 = Release|Any CPU
		{287C94CF-2289-C167-128B-E6D687EDC0F3}.Debug|Any CPU.ActiveCfg = Debug|Any CPU
		{287C94CF-2289-C167-128B-E6D687EDC0F3}.Debug|Any CPU.Build.0 = Debug|Any CPU
		{287C94CF-2289-C167-128B-E6D687EDC0F3}.Release|Any CPU.ActiveCfg = Release|Any CPU
		{287C94CF-2289-C167-128B-E6D687EDC0F3}.Release|Any CPU.Build.0 = Release|Any CPU
	EndGlobalSection
	GlobalSection(SolutionProperties) = preSolution
		HideSolutionNode = FALSE
	EndGlobalSection
	GlobalSection(MonoDevelopProperties) = preSolution
		StartupItem = Assembly-CSharp.csproj
	EndGlobalSection
EndGlobal
